
Microsoft Visual Studio Solution File, Format Version 12.00
# Visual Studio 2013
Project("{FAE04EC0-301F-11D3-BF4B-00C04F79EFBC}") = "UnityVS.Kkako.CSharp.Plugins", "UnityVS.Kkako.CSharp.Plugins.csproj", "{0A9BBE52-D29F-7F3F-7262-97AB0A6889A4}"
EndProject
Project("{FAE04EC0-301F-11D3-BF4B-00C04F79EFBC}") = "UnityVS.Kkako.CSharp", "UnityVS.Kkako.CSharp.csproj", "{35C47C10-5079-8019-0723-2B65445459B7}"
EndProject
Project("{FAE04EC0-301F-11D3-BF4B-00C04F79EFBC}") = "UnityVS.Kkako.CSharp.Editor", "UnityVS.Kkako.CSharp.Editor.csproj", "{5CA520B9-5ED9-6C51-1762-D05CFE1D10E2}"
EndProject
Global
	GlobalSection(SolutionConfigurationPlatforms) = preSolution
		Debug|Any CPU = Debug|Any CPU
		Release|Any CPU = Release|Any CPU
	EndGlobalSection
	GlobalSection(ProjectConfigurationPlatforms) = postSolution
		{0A9BBE52-D29F-7F3F-7262-97AB0A6889A4}.Debug|Any CPU.ActiveCfg = Debug|Any CPU
		{0A9BBE52-D29F-7F3F-7262-97AB0A6889A4}.Debug|Any CPU.Build.0 = Debug|Any CPU
		{0A9BBE52-D29F-7F3F-7262-97AB0A6889A4}.Release|Any CPU.ActiveCfg = Release|Any CPU
		{0A9BBE52-D29F-7F3F-7262-97AB0A6889A4}.Release|Any CPU.Build.0 = Release|Any CPU
		{35C47C10-5079-8019-0723-2B65445459B7}.Debug|Any CPU.ActiveCfg = Debug|Any CPU
		{35C47C10-5079-8019-0723-2B65445459B7}.Debug|Any CPU.Build.0 = Debug|Any CPU
		{35C47C10-5079-8019-0723-2B65445459B7}.Release|Any CPU.ActiveCfg = Release|Any CPU
		{35C47C10-5079-8019-0723-2B65445459B7}.Release|Any CPU.Build.0 = Release|Any CPU
		{5CA520B9-5ED9-6C51-1762-D05CFE1D10E2}.Debug|Any CPU.ActiveCfg = Debug|Any CPU
		{5CA520B9-5ED9-6C51-1762-D05CFE1D10E2}.Debug|Any CPU.Build.0 = Debug|Any CPU
		{5CA520B9-5ED9-6C51-1762-D05CFE1D10E2}.Release|Any CPU.ActiveCfg = Release|Any CPU
		{5CA520B9-5ED9-6C51-1762-D05CFE1D10E2}.Release|Any CPU.Build.0 = Release|Any CPU
	EndGlobalSection
	GlobalSection(SolutionProperties) = preSolution
		HideSolutionNode = FALSE
	EndGlobalSection
EndGlobal
